
Microsoft Visual Studio Solution File, Format Version 12.00
# Visual Studio Version 17
VisualStudioVersion = 17.8.34316.72
MinimumVisualStudioVersion = 10.0.40219.1
Project("{9A19103F-16F7-4668-BE54-9A1E7A4F7556}") = "MBA.Loja.Api", "MBA.Loja.Api\MBA.Loja.Api.csproj", "{385ECEC0-119B-4047-BA3F-120D6D63B656}"
EndProject
Project("{9A19103F-16F7-4668-BE54-9A1E7A4F7556}") = "MBA.Loja.Business", "MBA.Loja.Business\MBA.Loja.Business.csproj", "{6B7BF5B7-8A60-41BE-9AA2-1F7F640970F0}"
EndProject
Project("{9A19103F-16F7-4668-BE54-9A1E7A4F7556}") = "MBA.Loja.Data", "MBA.Loja.Data\MBA.Loja.Data.csproj", "{23F653A0-121F-471A-B952-7A9792F69B5A}"
EndProject
Project("{FAE04EC0-301F-11D3-BF4B-00C04F79EFBC}") = "MBA.Loja.App", "MBA.Loja.App\MBA.Loja.App.csproj", "{A9258101-7458-4B50-8140-4CD06FBCDFE0}"
EndProject
Global
	GlobalSection(SolutionConfigurationPlatforms) = preSolution
		Debug|Any CPU = Debug|Any CPU
		Release|Any CPU = Release|Any CPU
	EndGlobalSection
	GlobalSection(ProjectConfigurationPlatforms) = postSolution
		{385ECEC0-119B-4047-BA3F-120D6D63B656}.Debug|Any CPU.ActiveCfg = Debug|Any CPU
		{385ECEC0-119B-4047-BA3F-120D6D63B656}.Debug|Any CPU.Build.0 = Debug|Any CPU
		{385ECEC0-119B-4047-BA3F-120D6D63B656}.Release|Any CPU.ActiveCfg = Release|Any CPU
		{385ECEC0-119B-4047-BA3F-120D6D63B656}.Release|Any CPU.Build.0 = Release|Any CPU
		{6B7BF5B7-8A60-41BE-9AA2-1F7F640970F0}.Debug|Any CPU.ActiveCfg = Debug|Any CPU
		{6B7BF5B7-8A60-41BE-9AA2-1F7F640970F0}.Debug|Any CPU.Build.0 = Debug|Any CPU
		{6B7BF5B7-8A60-41BE-9AA2-1F7F640970F0}.Release|Any CPU.ActiveCfg = Release|Any CPU
		{6B7BF5B7-8A60-41BE-9AA2-1F7F640970F0}.Release|Any CPU.Build.0 = Release|Any CPU
		{23F653A0-121F-471A-B952-7A9792F69B5A}.Debug|Any CPU.ActiveCfg = Debug|Any CPU
		{23F653A0-121F-471A-B952-7A9792F69B5A}.Debug|Any CPU.Build.0 = Debug|Any CPU
		{23F653A0-121F-471A-B952-7A9792F69B5A}.Release|Any CPU.ActiveCfg = Release|Any CPU
		{23F653A0-121F-471A-B952-7A9792F69B5A}.Release|Any CPU.Build.0 = Release|Any CPU
		{A9258101-7458-4B50-8140-4CD06FBCDFE0}.Debug|Any CPU.ActiveCfg = Debug|Any CPU
		{A9258101-7458-4B50-8140-4CD06FBCDFE0}.Debug|Any CPU.Build.0 = Debug|Any CPU
		{A9258101-7458-4B50-8140-4CD06FBCDFE0}.Release|Any CPU.ActiveCfg = Release|Any CPU
		{A9258101-7458-4B50-8140-4CD06FBCDFE0}.Release|Any CPU.Build.0 = Release|Any CPU
	EndGlobalSection
	GlobalSection(SolutionProperties) = preSolution
		HideSolutionNode = FALSE
	EndGlobalSection
	GlobalSection(ExtensibilityGlobals) = postSolution
		SolutionGuid = {61488934-26E0-4369-BA8A-5850911724C1}
	EndGlobalSection
EndGlobal
